// !$*UTF8*$!
{
	archiveVersion = 1;
	classes = {
	};
	objectVersion = 56;
	objects = {

/* Begin PBXBuildFile section */
		C5CD98AC2B2983A200799ECD /* ChefDeliveryApp.swift in Sources */ = {isa = PBXBuildFile; fileRef = C5CD98AB2B2983A200799ECD /* ChefDeliveryApp.swift */; };
		C5CD98AE2B2983A200799ECD /* ContentView.swift in Sources */ = {isa = PBXBuildFile; fileRef = C5CD98AD2B2983A200799ECD /* ContentView.swift */; };
		C5CD98B02B2983A300799ECD /* Assets.xcassets in Resources */ = {isa = PBXBuildFile; fileRef = C5CD98AF2B2983A300799ECD /* Assets.xcassets */; };
		C5CD98B32B2983A300799ECD /* Preview Assets.xcassets in Resources */ = {isa = PBXBuildFile; fileRef = C5CD98B22B2983A300799ECD /* Preview Assets.xcassets */; };
		C5CD98BC2B2985CF00799ECD /* NavigationBarView.swift in Sources */ = {isa = PBXBuildFile; fileRef = C5CD98BB2B2985CF00799ECD /* NavigationBarView.swift */; };
		C5CD98BF2B29892700799ECD /* OrderTypeGridView.swift in Sources */ = {isa = PBXBuildFile; fileRef = C5CD98BE2B29892700799ECD /* OrderTypeGridView.swift */; };
		C5CD98C22B298B1800799ECD /* OrderType.swift in Sources */ = {isa = PBXBuildFile; fileRef = C5CD98C12B298B1800799ECD /* OrderType.swift */; };
		C5CD98C42B298B6400799ECD /* DataSourceMock.swift in Sources */ = {isa = PBXBuildFile; fileRef = C5CD98C32B298B6400799ECD /* DataSourceMock.swift */; };
		C5CD98C62B298C7000799ECD /* OrderTypeView.swift in Sources */ = {isa = PBXBuildFile; fileRef = C5CD98C52B298C7000799ECD /* OrderTypeView.swift */; };
		C5CD98C92B29900700799ECD /* CarouselItemView.swift in Sources */ = {isa = PBXBuildFile; fileRef = C5CD98C82B29900700799ECD /* CarouselItemView.swift */; };
		C5CD98CB2B2990DB00799ECD /* CarouselTabView.swift in Sources */ = {isa = PBXBuildFile; fileRef = C5CD98CA2B2990DB00799ECD /* CarouselTabView.swift */; };
		C5CD98CE2B29925100799ECD /* StoreItemView.swift in Sources */ = {isa = PBXBuildFile; fileRef = C5CD98CD2B29925100799ECD /* StoreItemView.swift */; };
		C5CD98D02B29934200799ECD /* StoresContainerView.swift in Sources */ = {isa = PBXBuildFile; fileRef = C5CD98CF2B29934200799ECD /* StoresContainerView.swift */; };
/* End PBXBuildFile section */

/* Begin PBXFileReference section */
		C5CD98A82B2983A200799ECD /* ChefDelivery.app */ = {isa = PBXFileReference; explicitFileType = wrapper.application; includeInIndex = 0; path = ChefDelivery.app; sourceTree = BUILT_PRODUCTS_DIR; };
		C5CD98AB2B2983A200799ECD /* ChefDeliveryApp.swift */ = {isa = PBXFileReference; lastKnownFileType = sourcecode.swift; path = ChefDeliveryApp.swift; sourceTree = "<group>"; };
		C5CD98AD2B2983A200799ECD /* ContentView.swift */ = {isa = PBXFileReference; lastKnownFileType = sourcecode.swift; path = ContentView.swift; sourceTree = "<group>"; };
		C5CD98AF2B2983A300799ECD /* Assets.xcassets */ = {isa = PBXFileReference; lastKnownFileType = folder.assetcatalog; path = Assets.xcassets; sourceTree = "<group>"; };
		C5CD98B22B2983A300799ECD /* Preview Assets.xcassets */ = {isa = PBXFileReference; lastKnownFileType = folder.assetcatalog; path = "Preview Assets.xcassets"; sourceTree = "<group>"; };
		C5CD98BB2B2985CF00799ECD /* NavigationBarView.swift */ = {isa = PBXFileReference; lastKnownFileType = sourcecode.swift; path = NavigationBarView.swift; sourceTree = "<group>"; };
		C5CD98BE2B29892700799ECD /* OrderTypeGridView.swift */ = {isa = PBXFileReference; lastKnownFileType = sourcecode.swift; path = OrderTypeGridView.swift; sourceTree = "<group>"; };
		C5CD98C12B298B1800799ECD /* OrderType.swift */ = {isa = PBXFileReference; lastKnownFileType = sourcecode.swift; path = OrderType.swift; sourceTree = "<group>"; };
		C5CD98C32B298B6400799ECD /* DataSourceMock.swift */ = {isa = PBXFileReference; lastKnownFileType = sourcecode.swift; path = DataSourceMock.swift; sourceTree = "<group>"; };
		C5CD98C52B298C7000799ECD /* OrderTypeView.swift */ = {isa = PBXFileReference; lastKnownFileType = sourcecode.swift; path = OrderTypeView.swift; sourceTree = "<group>"; };
		C5CD98C82B29900700799ECD /* CarouselItemView.swift */ = {isa = PBXFileReference; lastKnownFileType = sourcecode.swift; path = CarouselItemView.swift; sourceTree = "<group>"; };
		C5CD98CA2B2990DB00799ECD /* CarouselTabView.swift */ = {isa = PBXFileReference; lastKnownFileType = sourcecode.swift; path = CarouselTabView.swift; sourceTree = "<group>"; };
		C5CD98CD2B29925100799ECD /* StoreItemView.swift */ = {isa = PBXFileReference; lastKnownFileType = sourcecode.swift; path = StoreItemView.swift; sourceTree = "<group>"; };
		C5CD98CF2B29934200799ECD /* StoresContainerView.swift */ = {isa = PBXFileReference; lastKnownFileType = sourcecode.swift; path = StoresContainerView.swift; sourceTree = "<group>"; };
/* End PBXFileReference section */

/* Begin PBXFrameworksBuildPhase section */
		C5CD98A52B2983A200799ECD /* Frameworks */ = {
			isa = PBXFrameworksBuildPhase;
			buildActionMask = 2147483647;
			files = (
			);
			runOnlyForDeploymentPostprocessing = 0;
		};
/* End PBXFrameworksBuildPhase section */

/* Begin PBXGroup section */
		C5CD989F2B2983A100799ECD = {
			isa = PBXGroup;
			children = (
				C5CD98AA2B2983A200799ECD /* ChefDelivery */,
				C5CD98A92B2983A200799ECD /* Products */,
			);
			sourceTree = "<group>";
		};
		C5CD98A92B2983A200799ECD /* Products */ = {
			isa = PBXGroup;
			children = (
				C5CD98A82B2983A200799ECD /* ChefDelivery.app */,
			);
			name = Products;
			sourceTree = "<group>";
		};
		C5CD98AA2B2983A200799ECD /* ChefDelivery */ = {
			isa = PBXGroup;
			children = (
				C5CD98C02B298B0700799ECD /* Model */,
				C5CD98BA2B2985B800799ECD /* App */,
				C5CD98B92B2985AD00799ECD /* NavigationBar */,
				C5CD98BD2B29890000799ECD /* GridView */,
				C5CD98C72B298FBA00799ECD /* CarouselView */,
				C5CD98CC2B29923D00799ECD /* StoresView */,
				C5CD98AF2B2983A300799ECD /* Assets.xcassets */,
				C5CD98B12B2983A300799ECD /* Preview Content */,
			);
			path = ChefDelivery;
			sourceTree = "<group>";
		};
		C5CD98B12B2983A300799ECD /* Preview Content */ = {
			isa = PBXGroup;
			children = (
				C5CD98B22B2983A300799ECD /* Preview Assets.xcassets */,
			);
			path = "Preview Content";
			sourceTree = "<group>";
		};
		C5CD98B92B2985AD00799ECD /* NavigationBar */ = {
			isa = PBXGroup;
			children = (
				C5CD98BB2B2985CF00799ECD /* NavigationBarView.swift */,
			);
			path = NavigationBar;
			sourceTree = "<group>";
		};
		C5CD98BA2B2985B800799ECD /* App */ = {
			isa = PBXGroup;
			children = (
				C5CD98AB2B2983A200799ECD /* ChefDeliveryApp.swift */,
				C5CD98AD2B2983A200799ECD /* ContentView.swift */,
			);
			path = App;
			sourceTree = "<group>";
		};
		C5CD98BD2B29890000799ECD /* GridView */ = {
			isa = PBXGroup;
			children = (
				C5CD98BE2B29892700799ECD /* OrderTypeGridView.swift */,
				C5CD98C52B298C7000799ECD /* OrderTypeView.swift */,
			);
			path = GridView;
			sourceTree = "<group>";
		};
		C5CD98C02B298B0700799ECD /* Model */ = {
			isa = PBXGroup;
			children = (
				C5CD98C12B298B1800799ECD /* OrderType.swift */,
				C5CD98C32B298B6400799ECD /* DataSourceMock.swift */,
			);
			path = Model;
			sourceTree = "<group>";
		};
		C5CD98C72B298FBA00799ECD /* CarouselView */ = {
			isa = PBXGroup;
			children = (
				C5CD98C82B29900700799ECD /* CarouselItemView.swift */,
				C5CD98CA2B2990DB00799ECD /* CarouselTabView.swift */,
			);
			path = CarouselView;
			sourceTree = "<group>";
		};
		C5CD98CC2B29923D00799ECD /* StoresView */ = {
			isa = PBXGroup;
			children = (
				C5CD98CD2B29925100799ECD /* StoreItemView.swift */,
				C5CD98CF2B29934200799ECD /* StoresContainerView.swift */,
			);
			path = StoresView;
			sourceTree = "<group>";
		};
/* End PBXGroup section */

/* Begin PBXNativeTarget section */
		C5CD98A72B2983A200799ECD /* ChefDelivery */ = {
			isa = PBXNativeTarget;
			buildConfigurationList = C5CD98B62B2983A300799ECD /* Build configuration list for PBXNativeTarget "ChefDelivery" */;
			buildPhases = (
				C5CD98A42B2983A200799ECD /* Sources */,
				C5CD98A52B2983A200799ECD /* Frameworks */,
				C5CD98A62B2983A200799ECD /* Resources */,
			);
			buildRules = (
			);
			dependencies = (
			);
			name = ChefDelivery;
			productName = ChefDelivery;
			productReference = C5CD98A82B2983A200799ECD /* ChefDelivery.app */;
			productType = "com.apple.product-type.application";
		};
/* End PBXNativeTarget section */

/* Begin PBXProject section */
		C5CD98A02B2983A100799ECD /* Project object */ = {
			isa = PBXProject;
			attributes = {
				BuildIndependentTargetsInParallel = 1;
				LastSwiftUpdateCheck = 1500;
				LastUpgradeCheck = 1500;
				TargetAttributes = {
					C5CD98A72B2983A200799ECD = {
						CreatedOnToolsVersion = 15.0.1;
					};
				};
			};
			buildConfigurationList = C5CD98A32B2983A100799ECD /* Build configuration list for PBXProject "ChefDelivery" */;
			compatibilityVersion = "Xcode 14.0";
			developmentRegion = en;
			hasScannedForEncodings = 0;
			knownRegions = (
				en,
				Base,
			);
			mainGroup = C5CD989F2B2983A100799ECD;
			productRefGroup = C5CD98A92B2983A200799ECD /* Products */;
			projectDirPath = "";
			projectRoot = "";
			targets = (
				C5CD98A72B2983A200799ECD /* ChefDelivery */,
			);
		};
/* End PBXProject section */

/* Begin PBXResourcesBuildPhase section */
		C5CD98A62B2983A200799ECD /* Resources */ = {
			isa = PBXResourcesBuildPhase;
			buildActionMask = 2147483647;
			files = (
				C5CD98B32B2983A300799ECD /* Preview Assets.xcassets in Resources */,
				C5CD98B02B2983A300799ECD /* Assets.xcassets in Resources */,
			);
			runOnlyForDeploymentPostprocessing = 0;
		};
/* End PBXResourcesBuildPhase section */

/* Begin PBXSourcesBuildPhase section */
		C5CD98A42B2983A200799ECD /* Sources */ = {
			isa = PBXSourcesBuildPhase;
			buildActionMask = 2147483647;
			files = (
				C5CD98C22B298B1800799ECD /* OrderType.swift in Sources */,
				C5CD98C92B29900700799ECD /* CarouselItemView.swift in Sources */,
				C5CD98AE2B2983A200799ECD /* ContentView.swift in Sources */,
				C5CD98C42B298B6400799ECD /* DataSourceMock.swift in Sources */,
				C5CD98D02B29934200799ECD /* StoresContainerView.swift in Sources */,
				C5CD98C62B298C7000799ECD /* OrderTypeView.swift in Sources */,
				C5CD98CE2B29925100799ECD /* StoreItemView.swift in Sources */,
				C5CD98BF2B29892700799ECD /* OrderTypeGridView.swift in Sources */,
				C5CD98AC2B2983A200799ECD /* ChefDeliveryApp.swift in Sources */,
				C5CD98BC2B2985CF00799ECD /* NavigationBarView.swift in Sources */,
				C5CD98CB2B2990DB00799ECD /* CarouselTabView.swift in Sources */,
			);
			runOnlyForDeploymentPostprocessing = 0;
		};
/* End PBXSourcesBuildPhase section */

/* Begin XCBuildConfiguration section */
		C5CD98B42B2983A300799ECD /* Debug */ = {
			isa = XCBuildConfiguration;
			buildSettings = {
				ALWAYS_SEARCH_USER_PATHS = NO;
				ASSETCATALOG_COMPILER_GENERATE_SWIFT_ASSET_SYMBOL_EXTENSIONS = YES;
				CLANG_ANALYZER_NONNULL = YES;
				CLANG_ANALYZER_NUMBER_OBJECT_CONVERSION = YES_AGGRESSIVE;
				CLANG_CXX_LANGUAGE_STANDARD = "gnu++20";
				CLANG_ENABLE_MODULES = YES;
				CLANG_ENABLE_OBJC_ARC = YES;
				CLANG_ENABLE_OBJC_WEAK = YES;
				CLANG_WARN_BLOCK_CAPTURE_AUTORELEASING = YES;
				CLANG_WARN_BOOL_CONVERSION = YES;
				CLANG_WARN_COMMA = YES;
				CLANG_WARN_CONSTANT_CONVERSION = YES;
				CLANG_WARN_DEPRECATED_OBJC_IMPLEMENTATIONS = YES;
				CLANG_WARN_DIRECT_OBJC_ISA_USAGE = YES_ERROR;
				CLANG_WARN_DOCUMENTATION_COMMENTS = YES;
				CLANG_WARN_EMPTY_BODY = YES;
				CLANG_WARN_ENUM_CONVERSION = YES;
				CLANG_WARN_INFINITE_RECURSION = YES;
				CLANG_WARN_INT_CONVERSION = YES;
				CLANG_WARN_NON_LITERAL_NULL_CONVERSION = YES;
				CLANG_WARN_OBJC_IMPLICIT_RETAIN_SELF = YES;
				CLANG_WARN_OBJC_LITERAL_CONVERSION = YES;
				CLANG_WARN_OBJC_ROOT_CLASS = YES_ERROR;
				CLANG_WARN_QUOTED_INCLUDE_IN_FRAMEWORK_HEADER = YES;
				CLANG_WARN_RANGE_LOOP_ANALYSIS = YES;
				CLANG_WARN_STRICT_PROTOTYPES = YES;
				CLANG_WARN_SUSPICIOUS_MOVE = YES;
				CLANG_WARN_UNGUARDED_AVAILABILITY = YES_AGGRESSIVE;
				CLANG_WARN_UNREACHABLE_CODE = YES;
				CLANG_WARN__DUPLICATE_METHOD_MATCH = YES;
				COPY_PHASE_STRIP = NO;
				DEBUG_INFORMATION_FORMAT = dwarf;
				ENABLE_STRICT_OBJC_MSGSEND = YES;
				ENABLE_TESTABILITY = YES;
				ENABLE_USER_SCRIPT_SANDBOXING = YES;
				GCC_C_LANGUAGE_STANDARD = gnu17;
				GCC_DYNAMIC_NO_PIC = NO;
				GCC_NO_COMMON_BLOCKS = YES;
				GCC_OPTIMIZATION_LEVEL = 0;
				GCC_PREPROCESSOR_DEFINITIONS = (
					"DEBUG=1",
					"$(inherited)",
				);
				GCC_WARN_64_TO_32_BIT_CONVERSION = YES;
				GCC_WARN_ABOUT_RETURN_TYPE = YES_ERROR;
				GCC_WARN_UNDECLARED_SELECTOR = YES;
				GCC_WARN_UNINITIALIZED_AUTOS = YES_AGGRESSIVE;
				GCC_WARN_UNUSED_FUNCTION = YES;
				GCC_WARN_UNUSED_VARIABLE = YES;
				IPHONEOS_DEPLOYMENT_TARGET = 17.0;
				LOCALIZATION_PREFERS_STRING_CATALOGS = YES;
				MTL_ENABLE_DEBUG_INFO = INCLUDE_SOURCE;
				MTL_FAST_MATH = YES;
				ONLY_ACTIVE_ARCH = YES;
				SDKROOT = iphoneos;
				SWIFT_ACTIVE_COMPILATION_CONDITIONS = "DEBUG $(inherited)";
				SWIFT_OPTIMIZATION_LEVEL = "-Onone";
			};
			name = Debug;
		};
		C5CD98B52B2983A300799ECD /* Release */ = {
			isa = XCBuildConfiguration;
			buildSettings = {
				ALWAYS_SEARCH_USER_PATHS = NO;
				ASSETCATALOG_COMPILER_GENERATE_SWIFT_ASSET_SYMBOL_EXTENSIONS = YES;
				CLANG_ANALYZER_NONNULL = YES;
				CLANG_ANALYZER_NUMBER_OBJECT_CONVERSION = YES_AGGRESSIVE;
				CLANG_CXX_LANGUAGE_STANDARD = "gnu++20";
				CLANG_ENABLE_MODULES = YES;
				CLANG_ENABLE_OBJC_ARC = YES;
				CLANG_ENABLE_OBJC_WEAK = YES;
				CLANG_WARN_BLOCK_CAPTURE_AUTORELEASING = YES;
				CLANG_WARN_BOOL_CONVERSION = YES;
				CLANG_WARN_COMMA = YES;
				CLANG_WARN_CONSTANT_CONVERSION = YES;
				CLANG_WARN_DEPRECATED_OBJC_IMPLEMENTATIONS = YES;
				CLANG_WARN_DIRECT_OBJC_ISA_USAGE = YES_ERROR;
				CLANG_WARN_DOCUMENTATION_COMMENTS = YES;
				CLANG_WARN_EMPTY_BODY = YES;
				CLANG_WARN_ENUM_CONVERSION = YES;
				CLANG_WARN_INFINITE_RECURSION = YES;
				CLANG_WARN_INT_CONVERSION = YES;
				CLANG_WARN_NON_LITERAL_NULL_CONVERSION = YES;
				CLANG_WARN_OBJC_IMPLICIT_RETAIN_SELF = YES;
				CLANG_WARN_OBJC_LITERAL_CONVERSION = YES;
				CLANG_WARN_OBJC_ROOT_CLASS = YES_ERROR;
				CLANG_WARN_QUOTED_INCLUDE_IN_FRAMEWORK_HEADER = YES;
				CLANG_WARN_RANGE_LOOP_ANALYSIS = YES;
				CLANG_WARN_STRICT_PROTOTYPES = YES;
				CLANG_WARN_SUSPICIOUS_MOVE = YES;
				CLANG_WARN_UNGUARDED_AVAILABILITY = YES_AGGRESSIVE;
				CLANG_WARN_UNREACHABLE_CODE = YES;
				CLANG_WARN__DUPLICATE_METHOD_MATCH = YES;
				COPY_PHASE_STRIP = NO;
				DEBUG_INFORMATION_FORMAT = "dwarf-with-dsym";
				ENABLE_NS_ASSERTIONS = NO;
				ENABLE_STRICT_OBJC_MSGSEND = YES;
				ENABLE_USER_SCRIPT_SANDBOXING = YES;
				GCC_C_LANGUAGE_STANDARD = gnu17;
				GCC_NO_COMMON_BLOCKS = YES;
				GCC_WARN_64_TO_32_BIT_CONVERSION = YES;
				GCC_WARN_ABOUT_RETURN_TYPE = YES_ERROR;
				GCC_WARN_UNDECLARED_SELECTOR = YES;
				GCC_WARN_UNINITIALIZED_AUTOS = YES_AGGRESSIVE;
				GCC_WARN_UNUSED_FUNCTION = YES;
				GCC_WARN_UNUSED_VARIABLE = YES;
				IPHONEOS_DEPLOYMENT_TARGET = 17.0;
				LOCALIZATION_PREFERS_STRING_CATALOGS = YES;
				MTL_ENABLE_DEBUG_INFO = NO;
				MTL_FAST_MATH = YES;
				SDKROOT = iphoneos;
				SWIFT_COMPILATION_MODE = wholemodule;
				VALIDATE_PRODUCT = YES;
			};
			name = Release;
		};
		C5CD98B72B2983A300799ECD /* Debug */ = {
			isa = XCBuildConfiguration;
			buildSettings = {
				ASSETCATALOG_COMPILER_APPICON_NAME = AppIcon;
				ASSETCATALOG_COMPILER_GLOBAL_ACCENT_COLOR_NAME = AccentColor;
				CODE_SIGN_STYLE = Automatic;
				CURRENT_PROJECT_VERSION = 1;
				DEVELOPMENT_ASSET_PATHS = "\"ChefDelivery/Preview Content\"";
				DEVELOPMENT_TEAM = DWNX563SG6;
				ENABLE_PREVIEWS = YES;
				GENERATE_INFOPLIST_FILE = YES;
				INFOPLIST_KEY_UIApplicationSceneManifest_Generation = YES;
				INFOPLIST_KEY_UIApplicationSupportsIndirectInputEvents = YES;
				INFOPLIST_KEY_UILaunchScreen_Generation = YES;
				INFOPLIST_KEY_UISupportedInterfaceOrientations_iPad = "UIInterfaceOrientationPortrait UIInterfaceOrientationPortraitUpsideDown UIInterfaceOrientationLandscapeLeft UIInterfaceOrientationLandscapeRight";
				INFOPLIST_KEY_UISupportedInterfaceOrientations_iPhone = "UIInterfaceOrientationPortrait UIInterfaceOrientationLandscapeLeft UIInterfaceOrientationLandscapeRight";
				LD_RUNPATH_SEARCH_PATHS = (
					"$(inherited)",
					"@executable_path/Frameworks",
				);
				MARKETING_VERSION = 1.0;
				PRODUCT_BUNDLE_IDENTIFIER = com.yurastico.ChefDelivery;
				PRODUCT_NAME = "$(TARGET_NAME)";
				SWIFT_EMIT_LOC_STRINGS = YES;
				SWIFT_VERSION = 5.0;
				TARGETED_DEVICE_FAMILY = "1,2";
			};
			name = Debug;
		};
		C5CD98B82B2983A300799ECD /* Release */ = {
			isa = XCBuildConfiguration;
			buildSettings = {
				ASSETCATALOG_COMPILER_APPICON_NAME = AppIcon;
				ASSETCATALOG_COMPILER_GLOBAL_ACCENT_COLOR_NAME = AccentColor;
				CODE_SIGN_STYLE = Automatic;
				CURRENT_PROJECT_VERSION = 1;
				DEVELOPMENT_ASSET_PATHS = "\"ChefDelivery/Preview Content\"";
				DEVELOPMENT_TEAM = DWNX563SG6;
				ENABLE_PREVIEWS = YES;
				GENERATE_INFOPLIST_FILE = YES;
				INFOPLIST_KEY_UIApplicationSceneManifest_Generation = YES;
				INFOPLIST_KEY_UIApplicationSupportsIndirectInputEvents = YES;
				INFOPLIST_KEY_UILaunchScreen_Generation = YES;
				INFOPLIST_KEY_UISupportedInterfaceOrientations_iPad = "UIInterfaceOrientationPortrait UIInterfaceOrientationPortraitUpsideDown UIInterfaceOrientationLandscapeLeft UIInterfaceOrientationLandscapeRight";
				INFOPLIST_KEY_UISupportedInterfaceOrientations_iPhone = "UIInterfaceOrientationPortrait UIInterfaceOrientationLandscapeLeft UIInterfaceOrientationLandscapeRight";
				LD_RUNPATH_SEARCH_PATHS = (
					"$(inherited)",
					"@executable_path/Frameworks",
				);
				MARKETING_VERSION = 1.0;
				PRODUCT_BUNDLE_IDENTIFIER = com.yurastico.ChefDelivery;
				PRODUCT_NAME = "$(TARGET_NAME)";
				SWIFT_EMIT_LOC_STRINGS = YES;
				SWIFT_VERSION = 5.0;
				TARGETED_DEVICE_FAMILY = "1,2";
			};
			name = Release;
		};
/* End XCBuildConfiguration section */

/* Begin XCConfigurationList section */
		C5CD98A32B2983A100799ECD /* Build configuration list for PBXProject "ChefDelivery" */ = {
			isa = XCConfigurationList;
			buildConfigurations = (
				C5CD98B42B2983A300799ECD /* Debug */,
				C5CD98B52B2983A300799ECD /* Release */,
			);
			defaultConfigurationIsVisible = 0;
			defaultConfigurationName = Release;
		};
		C5CD98B62B2983A300799ECD /* Build configuration list for PBXNativeTarget "ChefDelivery" */ = {
			isa = XCConfigurationList;
			buildConfigurations = (
				C5CD98B72B2983A300799ECD /* Debug */,
				C5CD98B82B2983A300799ECD /* Release */,
			);
			defaultConfigurationIsVisible = 0;
			defaultConfigurationName = Release;
		};
/* End XCConfigurationList section */
	};
	rootObject = C5CD98A02B2983A100799ECD /* Project object */;
}
